{
  "originHash" : "b8afe3385189985bc488f18d13e47c057f13aeaa7951f1fdbd15d67944556b75",
  "pins" : [
    {
      "identity" : "openac-rsa-x509-swift",
      "kind" : "remoteSourceControl",
      "location" : "https://github.com/privacy-ethereum/openac-rsa-x509-swift",
      "state" : {
        "branch" : "main",
        "revision" : "78f5ce1349d04c6cece6369b52db7462b0b84eb5"
      }
    },
    {
      "identity" : "zipfoundation",
      "kind" : "remoteSourceControl",
      "location" : "https://github.com/weichsel/ZIPFoundation",
      "state" : {
        "revision" : "22787ffb59de99e5dc1fbfe80b19c97a904ad48d",
        "version" : "0.9.20"
      }
    }
  ],
  "version" : 3
}
